
Microsoft Visual Studio Solution File, Format Version 12.00
# Visual Studio Version 16
VisualStudioVersion = 16.0.30011.22
MinimumVisualStudioVersion = 10.0.40219.1
Project("{FAE04EC0-301F-11D3-BF4B-00C04F79EFBC}") = "Innovative", "Innovative.csproj", "{76AF2B1B-CB22-4B5D-A95F-FBB3F3D6DCB1}"
EndProject
Project("{2150E333-8FDC-42A3-9474-1A3956D46DE8}") = "Solution Items", "Solution Items", "{16D81E6C-DBB3-4E5C-B455-BB5569EF6359}"
EndProject
Global
	GlobalSection(SolutionConfigurationPlatforms) = preSolution
		Debug|Any CPU = Debug|Any CPU
		Release|Any CPU = Release|Any CPU
	EndGlobalSection
	GlobalSection(ProjectConfigurationPlatforms) = postSolution
		{76AF2B1B-CB22-4B5D-A95F-FBB3F3D6DCB1}.Debug|Any CPU.ActiveCfg = Debug|Any CPU
		{76AF2B1B-CB22-4B5D-A95F-FBB3F3D6DCB1}.Debug|Any CPU.Build.0 = Debug|Any CPU
		{76AF2B1B-CB22-4B5D-A95F-FBB3F3D6DCB1}.Release|Any CPU.ActiveCfg = Release|Any CPU
		{76AF2B1B-CB22-4B5D-A95F-FBB3F3D6DCB1}.Release|Any CPU.Build.0 = Release|Any CPU
	EndGlobalSection
	GlobalSection(SolutionProperties) = preSolution
		HideSolutionNode = FALSE
	EndGlobalSection
	GlobalSection(ExtensibilityGlobals) = postSolution
		SolutionGuid = {F92DACBC-5E0D-4856-951B-53D53A6C5F7B}
	EndGlobalSection
EndGlobal
